
Microsoft Visual Studio Solution File, Format Version 12.00
# Visual Studio Version 16
VisualStudioVersion = 16.0.31911.196
MinimumVisualStudioVersion = 10.0.40219.1
Project("{FAE04EC0-301F-11D3-BF4B-00C04F79EFBC}") = "Interfaces and Abstract Classes (RU)", "Interfaces and Abstract Classes (RU)\Interfaces and Abstract Classes (RU).csproj", "{6C24FEAD-DC3C-41C9-941F-9A96128E67C3}"
EndProject
Global
	GlobalSection(SolutionConfigurationPlatforms) = preSolution
		Debug|Any CPU = Debug|Any CPU
		Release|Any CPU = Release|Any CPU
	EndGlobalSection
	GlobalSection(ProjectConfigurationPlatforms) = postSolution
		{6C24FEAD-DC3C-41C9-941F-9A96128E67C3}.Debug|Any CPU.ActiveCfg = Debug|Any CPU
		{6C24FEAD-DC3C-41C9-941F-9A96128E67C3}.Debug|Any CPU.Build.0 = Debug|Any CPU
		{6C24FEAD-DC3C-41C9-941F-9A96128E67C3}.Release|Any CPU.ActiveCfg = Release|Any CPU
		{6C24FEAD-DC3C-41C9-941F-9A96128E67C3}.Release|Any CPU.Build.0 = Release|Any CPU
	EndGlobalSection
	GlobalSection(SolutionProperties) = preSolution
		HideSolutionNode = FALSE
	EndGlobalSection
	GlobalSection(ExtensibilityGlobals) = postSolution
		SolutionGuid = {6A853D7B-2603-4077-9548-24BB36BC1B17}
	EndGlobalSection
EndGlobal
